Microsoft Visual Studio Solution File, Format Version 12.00
# Visual Studio Version 17
VisualStudioVersion = 17.5.2.0
MinimumVisualStudioVersion = 10.0.40219.1
Project("{FAE04EC0-301F-11D3-BF4B-00C04F79EFBC}") = "Gruppe1", "Gruppe1.csproj", "{D5C51DC7-F4EF-D867-33CA-AA01B1F98432}"
EndProject
Global
	GlobalSection(SolutionConfigurationPlatforms) = preSolution
		Debug|Any CPU = Debug|Any CPU
		Release|Any CPU = Release|Any CPU
	EndGlobalSection
	GlobalSection(ProjectConfigurationPlatforms) = postSolution
		{D5C51DC7-F4EF-D867-33CA-AA01B1F98432}.Debug|Any CPU.ActiveCfg = Debug|Any CPU
		{D5C51DC7-F4EF-D867-33CA-AA01B1F98432}.Debug|Any CPU.Build.0 = Debug|Any CPU
		{D5C51DC7-F4EF-D867-33CA-AA01B1F98432}.Release|Any CPU.ActiveCfg = Release|Any CPU
		{D5C51DC7-F4EF-D867-33CA-AA01B1F98432}.Release|Any CPU.Build.0 = Release|Any CPU
	EndGlobalSection
	GlobalSection(SolutionProperties) = preSolution
		HideSolutionNode = FALSE
	EndGlobalSection
	GlobalSection(ExtensibilityGlobals) = postSolution
		SolutionGuid = {2B306A0D-33B7-4CB2-9881-0F37A621F0A0}
	EndGlobalSection
EndGlobal
